
Microsoft Visual Studio Solution File, Format Version 12.00
# Visual Studio Version 17
VisualStudioVersion = 17.14.36414.22 d17.14
MinimumVisualStudioVersion = 10.0.40219.1
Project("{FAE04EC0-301F-11D3-BF4B-00C04F79EFBC}") = "ExercicioFour", "ExercicioFour.csproj", "{B7381D41-D1B1-44B5-87D4-5407F8A4136D}"
EndProject
Global
	GlobalSection(SolutionConfigurationPlatforms) = preSolution
		Debug|Any CPU = Debug|Any CPU
		Release|Any CPU = Release|Any CPU
	EndGlobalSection
	GlobalSection(ProjectConfigurationPlatforms) = postSolution
		{B7381D41-D1B1-44B5-87D4-5407F8A4136D}.Debug|Any CPU.ActiveCfg = Debug|Any CPU
		{B7381D41-D1B1-44B5-87D4-5407F8A4136D}.Debug|Any CPU.Build.0 = Debug|Any CPU
		{B7381D41-D1B1-44B5-87D4-5407F8A4136D}.Release|Any CPU.ActiveCfg = Release|Any CPU
		{B7381D41-D1B1-44B5-87D4-5407F8A4136D}.Release|Any CPU.Build.0 = Release|Any CPU
	EndGlobalSection
	GlobalSection(SolutionProperties) = preSolution
		HideSolutionNode = FALSE
	EndGlobalSection
	GlobalSection(ExtensibilityGlobals) = postSolution
		SolutionGuid = {B50A72FE-92D2-41C7-BD92-1AA29C297F19}
	EndGlobalSection
EndGlobal
